// !$*UTF8*$!
{
	archiveVersion = 1;
	classes = {
	};
	objectVersion = 46;
	objects = {

/* Begin PBXBuildFile section */
		CD7B3E472D60066D008B8715 /* QSFoundation.framework in Frameworks */ = {isa = PBXBuildFile; fileRef = CD7B3E462D60066D008B8715 /* QSFoundation.framework */; };
		CD7B3E492D600677008B8715 /* QSCore.framework in Frameworks */ = {isa = PBXBuildFile; fileRef = CD7B3E482D600677008B8715 /* QSCore.framework */; };
		E121CA64173FF02E004AEF53 /* QSiTerm2Utils.m in Sources */ = {isa = PBXBuildFile; fileRef = E121CA63173FF02E004AEF53 /* QSiTerm2Utils.m */; };
		E188D3F31520F03700176E28 /* iTerm.app in Resources */ = {isa = PBXBuildFile; fileRef = E188D3F21520F03700176E28 /* iTerm.app */; };
		E1CFAC71151E6E5D005721A7 /* QSiTerm2ActionProvider.m in Sources */ = {isa = PBXBuildFile; fileRef = E1CFAC70151E6E5D005721A7 /* QSiTerm2ActionProvider.m */; };
		E1D1658315220B63004837CC /* QSiTerm2ObjectSource.m in Sources */ = {isa = PBXBuildFile; fileRef = E1D1658215220B63004837CC /* QSiTerm2ObjectSource.m */; };
		E1E4B4FE1518E4D00063F299 /* Cocoa.framework in Frameworks */ = {isa = PBXBuildFile; fileRef = E1E4B4FD1518E4D00063F299 /* Cocoa.framework */; };
		E1E4B5041518E4D00063F299 /* InfoPlist.strings in Resources */ = {isa = PBXBuildFile; fileRef = E1E4B5021518E4D00063F299 /* InfoPlist.strings */; };
		E1E4B5221518E6F70063F299 /* QSiTerm2TerminalMediator.m in Sources */ = {isa = PBXBuildFile; fileRef = E1E4B5211518E6F70063F299 /* QSiTerm2TerminalMediator.m */; };
/* End PBXBuildFile section */

/* Begin PBXBuildRule section */
		E188D3F61520F0E100176E28 /* PBXBuildRule */ = {
			isa = PBXBuildRule;
			compilerSpec = com.apple.compilers.proxy.script;
			filePatterns = "*.app";
			fileType = pattern.proxy;
			inputFiles = (
			);
			isEditable = 1;
			outputFiles = (
				"$(DERIVED_FILES_DIR)/$(INPUT_FILE_BASE).h",
			);
			script = "if [[ -z \"${GITHUB_ACTIONS}\" ]]; then\nsdef \"$INPUT_FILE_PATH\" | sdp -fh -o \"$DERIVED_FILES_DIR\" --basename \"$INPUT_FILE_BASE\" --bundleid `defaults read \"$INPUT_FILE_PATH/Contents/Info\" CFBundleIdentifier`\nfi\n";
		};
/* End PBXBuildRule section */

/* Begin PBXFileReference section */
		CD7B3E462D60066D008B8715 /* QSFoundation.framework */ = {isa = PBXFileReference; lastKnownFileType = wrapper.framework; name = QSFoundation.framework; path = ../../../../../private/tmp/QS/build/Debug/QSFoundation.framework; sourceTree = "<group>"; };
		CD7B3E482D600677008B8715 /* QSCore.framework */ = {isa = PBXFileReference; lastKnownFileType = wrapper.framework; name = QSCore.framework; path = ../../../../../private/tmp/QS/build/Debug/QSCore.framework; sourceTree = "<group>"; };
		CD7B3E4C2D600752008B8715 /* iTerm.h */ = {isa = PBXFileReference; lastKnownFileType = sourcecode.c.h; path = iTerm.h; sourceTree = "<group>"; };
		E121CA62173FF02E004AEF53 /* QSiTerm2Utils.h */ = {isa = PBXFileReference; fileEncoding = 4; lastKnownFileType = sourcecode.c.h; path = QSiTerm2Utils.h; sourceTree = "<group>"; };
		E121CA63173FF02E004AEF53 /* QSiTerm2Utils.m */ = {isa = PBXFileReference; fileEncoding = 4; lastKnownFileType = sourcecode.c.objc; path = QSiTerm2Utils.m; sourceTree = "<group>"; };
		E188D3F21520F03700176E28 /* iTerm.app */ = {isa = PBXFileReference; lastKnownFileType = wrapper.application; name = iTerm.app; path = /Applications/iTerm.app; sourceTree = "<absolute>"; };
		E1CFAC6F151E6E5D005721A7 /* QSiTerm2ActionProvider.h */ = {isa = PBXFileReference; fileEncoding = 4; lastKnownFileType = sourcecode.c.h; path = QSiTerm2ActionProvider.h; sourceTree = "<group>"; };
		E1CFAC70151E6E5D005721A7 /* QSiTerm2ActionProvider.m */ = {isa = PBXFileReference; fileEncoding = 4; lastKnownFileType = sourcecode.c.objc; path = QSiTerm2ActionProvider.m; sourceTree = "<group>"; };
		E1D1658115220B63004837CC /* QSiTerm2ObjectSource.h */ = {isa = PBXFileReference; fileEncoding = 4; lastKnownFileType = sourcecode.c.h; path = QSiTerm2ObjectSource.h; sourceTree = "<group>"; };
		E1D1658215220B63004837CC /* QSiTerm2ObjectSource.m */ = {isa = PBXFileReference; fileEncoding = 4; lastKnownFileType = sourcecode.c.objc; path = QSiTerm2ObjectSource.m; sourceTree = "<group>"; };
		E1D165881524BD17004837CC /* QSiTerm2Definitions.h */ = {isa = PBXFileReference; fileEncoding = 4; lastKnownFileType = sourcecode.c.h; path = QSiTerm2Definitions.h; sourceTree = "<group>"; };
		E1E4B4FA1518E4D00063F299 /* iTerm2.qsplugin */ = {isa = PBXFileReference; explicitFileType = wrapper.cfbundle; includeInIndex = 0; path = iTerm2.qsplugin; sourceTree = BUILT_PRODUCTS_DIR; };
		E1E4B4FD1518E4D00063F299 /* Cocoa.framework */ = {isa = PBXFileReference; lastKnownFileType = wrapper.framework; name = Cocoa.framework; path = System/Library/Frameworks/Cocoa.framework; sourceTree = SDKROOT; };
		E1E4B5011518E4D00063F299 /* Info.plist */ = {isa = PBXFileReference; lastKnownFileType = text.plist.xml; path = Info.plist; sourceTree = SOURCE_ROOT; };
		E1E4B5031518E4D00063F299 /* en */ = {isa = PBXFileReference; lastKnownFileType = text.plist.strings; name = en; path = en.lproj/InfoPlist.strings; sourceTree = "<group>"; };
		E1E4B5061518E4D00063F299 /* Common.xcconfig */ = {isa = PBXFileReference; lastKnownFileType = text.xcconfig; path = Common.xcconfig; sourceTree = "<group>"; };
		E1E4B5071518E4D00063F299 /* Debug.xcconfig */ = {isa = PBXFileReference; lastKnownFileType = text.xcconfig; path = Debug.xcconfig; sourceTree = "<group>"; };
		E1E4B5081518E4D00063F299 /* Developer.xcconfig */ = {isa = PBXFileReference; lastKnownFileType = text.xcconfig; path = Developer.xcconfig; sourceTree = "<group>"; };
		E1E4B5091518E4D00063F299 /* QSPlugIn.xcconfig */ = {isa = PBXFileReference; lastKnownFileType = text.xcconfig; path = QSPlugIn.xcconfig; sourceTree = "<group>"; };
		E1E4B50C1518E4D00063F299 /* Quicksilver.pch */ = {isa = PBXFileReference; lastKnownFileType = sourcecode.c.h; path = Quicksilver.pch; sourceTree = "<group>"; };
		E1E4B50D1518E4D00063F299 /* Release.xcconfig */ = {isa = PBXFileReference; lastKnownFileType = text.xcconfig; path = Release.xcconfig; sourceTree = "<group>"; };
		E1E4B5201518E6F70063F299 /* QSiTerm2TerminalMediator.h */ = {isa = PBXFileReference; fileEncoding = 4; lastKnownFileType = sourcecode.c.h; path = QSiTerm2TerminalMediator.h; sourceTree = "<group>"; };
		E1E4B5211518E6F70063F299 /* QSiTerm2TerminalMediator.m */ = {isa = PBXFileReference; fileEncoding = 4; lastKnownFileType = sourcecode.c.objc; path = QSiTerm2TerminalMediator.m; sourceTree = "<group>"; };
/* End PBXFileReference section */

/* Begin PBXFrameworksBuildPhase section */
		E1E4B4F61518E4D00063F299 /* Frameworks */ = {
			isa = PBXFrameworksBuildPhase;
			buildActionMask = 2147483647;
			files = (
				E1E4B4FE1518E4D00063F299 /* Cocoa.framework in Frameworks */,
				CD7B3E472D60066D008B8715 /* QSFoundation.framework in Frameworks */,
				CD7B3E492D600677008B8715 /* QSCore.framework in Frameworks */,
			);
			runOnlyForDeploymentPostprocessing = 0;
		};
/* End PBXFrameworksBuildPhase section */

/* Begin PBXGroup section */
		E1E4B4EE1518E4D00063F299 = {
			isa = PBXGroup;
			children = (
				E188D3F21520F03700176E28 /* iTerm.app */,
				E1E4B4FF1518E4D00063F299 /* iTerm2 */,
				E1E4B4FC1518E4D00063F299 /* Frameworks */,
				E1E4B4FB1518E4D00063F299 /* Products */,
			);
			sourceTree = "<group>";
		};
		E1E4B4FB1518E4D00063F299 /* Products */ = {
			isa = PBXGroup;
			children = (
				E1E4B4FA1518E4D00063F299 /* iTerm2.qsplugin */,
			);
			name = Products;
			sourceTree = "<group>";
		};
		E1E4B4FC1518E4D00063F299 /* Frameworks */ = {
			isa = PBXGroup;
			children = (
				CD7B3E482D600677008B8715 /* QSCore.framework */,
				CD7B3E462D60066D008B8715 /* QSFoundation.framework */,
				E1E4B4FD1518E4D00063F299 /* Cocoa.framework */,
			);
			name = Frameworks;
			sourceTree = "<group>";
		};
		E1E4B4FF1518E4D00063F299 /* iTerm2 */ = {
			isa = PBXGroup;
			children = (
				E1E4B5051518E4D00063F299 /* Configuration */,
				E1E4B5001518E4D00063F299 /* Supporting Files */,
				E1CFAC6F151E6E5D005721A7 /* QSiTerm2ActionProvider.h */,
				CD7B3E4C2D600752008B8715 /* iTerm.h */,
				E1CFAC70151E6E5D005721A7 /* QSiTerm2ActionProvider.m */,
				E1D165881524BD17004837CC /* QSiTerm2Definitions.h */,
				E1D1658115220B63004837CC /* QSiTerm2ObjectSource.h */,
				E1D1658215220B63004837CC /* QSiTerm2ObjectSource.m */,
				E1E4B5201518E6F70063F299 /* QSiTerm2TerminalMediator.h */,
				E1E4B5211518E6F70063F299 /* QSiTerm2TerminalMediator.m */,
				E121CA62173FF02E004AEF53 /* QSiTerm2Utils.h */,
				E121CA63173FF02E004AEF53 /* QSiTerm2Utils.m */,
			);
			path = iTerm2;
			sourceTree = "<group>";
		};
		E1E4B5001518E4D00063F299 /* Supporting Files */ = {
			isa = PBXGroup;
			children = (
				E1E4B5011518E4D00063F299 /* Info.plist */,
				E1E4B5021518E4D00063F299 /* InfoPlist.strings */,
			);
			name = "Supporting Files";
			sourceTree = "<group>";
		};
		E1E4B5051518E4D00063F299 /* Configuration */ = {
			isa = PBXGroup;
			children = (
				E1E4B5061518E4D00063F299 /* Common.xcconfig */,
				E1E4B5071518E4D00063F299 /* Debug.xcconfig */,
				E1E4B5081518E4D00063F299 /* Developer.xcconfig */,
				E1E4B5091518E4D00063F299 /* QSPlugIn.xcconfig */,
				E1E4B50C1518E4D00063F299 /* Quicksilver.pch */,
				E1E4B50D1518E4D00063F299 /* Release.xcconfig */,
			);
			name = Configuration;
			path = /tmp/QS/Configuration;
			sourceTree = "<absolute>";
		};
/* End PBXGroup section */

/* Begin PBXNativeTarget section */
		E1E4B4F91518E4D00063F299 /* iTerm2 */ = {
			isa = PBXNativeTarget;
			buildConfigurationList = E1E4B5191518E4D00063F299 /* Build configuration list for PBXNativeTarget "iTerm2" */;
			buildPhases = (
				E1E4B4F81518E4D00063F299 /* Update version and documentation */,
				E1E4B4F51518E4D00063F299 /* Sources */,
				E1E4B4F61518E4D00063F299 /* Frameworks */,
				E1E4B4F71518E4D00063F299 /* Resources */,
			);
			buildRules = (
				E188D3F61520F0E100176E28 /* PBXBuildRule */,
			);
			dependencies = (
			);
			name = iTerm2;
			productName = iTerm2;
			productReference = E1E4B4FA1518E4D00063F299 /* iTerm2.qsplugin */;
			productType = "com.apple.product-type.bundle";
		};
/* End PBXNativeTarget section */

/* Begin PBXProject section */
		E1E4B4F01518E4D00063F299 /* Project object */ = {
			isa = PBXProject;
			attributes = {
				LastUpgradeCheck = 0500;
				ORGANIZATIONNAME = stdin.se;
				TargetAttributes = {
					E1E4B4F91518E4D00063F299 = {
						ProvisioningStyle = Manual;
					};
				};
			};
			buildConfigurationList = E1E4B4F31518E4D00063F299 /* Build configuration list for PBXProject "iTerm2" */;
			compatibilityVersion = "Xcode 3.2";
			developmentRegion = English;
			hasScannedForEncodings = 0;
			knownRegions = (
				English,
				en,
			);
			mainGroup = E1E4B4EE1518E4D00063F299;
			productRefGroup = E1E4B4FB1518E4D00063F299 /* Products */;
			projectDirPath = "";
			projectRoot = "";
			targets = (
				E1E4B4F91518E4D00063F299 /* iTerm2 */,
			);
		};
/* End PBXProject section */

/* Begin PBXResourcesBuildPhase section */
		E1E4B4F71518E4D00063F299 /* Resources */ = {
			isa = PBXResourcesBuildPhase;
			buildActionMask = 2147483647;
			files = (
				E1E4B5041518E4D00063F299 /* InfoPlist.strings in Resources */,
				E188D3F31520F03700176E28 /* iTerm.app in Resources */,
			);
			runOnlyForDeploymentPostprocessing = 0;
		};
/* End PBXResourcesBuildPhase section */

/* Begin PBXShellScriptBuildPhase section */
		E1E4B4F81518E4D00063F299 /* Update version and documentation */ = {
			isa = PBXShellScriptBuildPhase;
			buildActionMask = 2147483647;
			files = (
			);
			inputPaths = (
			);
			name = "Update version and documentation";
			outputPaths = (
			);
			runOnlyForDeploymentPostprocessing = 1;
			shellPath = /bin/sh;
			shellScript = $QS_BUILD_ROOT/Tools/bltrversion;
		};
/* End PBXShellScriptBuildPhase section */

/* Begin PBXSourcesBuildPhase section */
		E1E4B4F51518E4D00063F299 /* Sources */ = {
			isa = PBXSourcesBuildPhase;
			buildActionMask = 2147483647;
			files = (
				E1E4B5221518E6F70063F299 /* QSiTerm2TerminalMediator.m in Sources */,
				E1CFAC71151E6E5D005721A7 /* QSiTerm2ActionProvider.m in Sources */,
				E1D1658315220B63004837CC /* QSiTerm2ObjectSource.m in Sources */,
				E121CA64173FF02E004AEF53 /* QSiTerm2Utils.m in Sources */,
			);
			runOnlyForDeploymentPostprocessing = 0;
		};
/* End PBXSourcesBuildPhase section */

/* Begin PBXVariantGroup section */
		E1E4B5021518E4D00063F299 /* InfoPlist.strings */ = {
			isa = PBXVariantGroup;
			children = (
				E1E4B5031518E4D00063F299 /* en */,
			);
			name = InfoPlist.strings;
			sourceTree = "<group>";
		};
/* End PBXVariantGroup section */

/* Begin XCBuildConfiguration section */
		E1E4B5171518E4D00063F299 /* Debug */ = {
			isa = XCBuildConfiguration;
			baseConfigurationReference = E1E4B5071518E4D00063F299 /* Debug.xcconfig */;
			buildSettings = {
				ONLY_ACTIVE_ARCH = YES;
			};
			name = Debug;
		};
		E1E4B5181518E4D00063F299 /* Release */ = {
			isa = XCBuildConfiguration;
			baseConfigurationReference = E1E4B50D1518E4D00063F299 /* Release.xcconfig */;
			buildSettings = {
			};
			name = Release;
		};
		E1E4B51A1518E4D00063F299 /* Debug */ = {
			isa = XCBuildConfiguration;
			baseConfigurationReference = E1E4B5091518E4D00063F299 /* QSPlugIn.xcconfig */;
			buildSettings = {
				PRODUCT_NAME = "$(TARGET_NAME)";
			};
			name = Debug;
		};
		E1E4B51B1518E4D00063F299 /* Release */ = {
			isa = XCBuildConfiguration;
			baseConfigurationReference = E1E4B5091518E4D00063F299 /* QSPlugIn.xcconfig */;
			buildSettings = {
				PRODUCT_NAME = "$(TARGET_NAME)";
			};
			name = Release;
		};
/* End XCBuildConfiguration section */

/* Begin XCConfigurationList section */
		E1E4B4F31518E4D00063F299 /* Build configuration list for PBXProject "iTerm2" */ = {
			isa = XCConfigurationList;
			buildConfigurations = (
				E1E4B5171518E4D00063F299 /* Debug */,
				E1E4B5181518E4D00063F299 /* Release */,
			);
			defaultConfigurationIsVisible = 0;
			defaultConfigurationName = Release;
		};
		E1E4B5191518E4D00063F299 /* Build configuration list for PBXNativeTarget "iTerm2" */ = {
			isa = XCConfigurationList;
			buildConfigurations = (
				E1E4B51A1518E4D00063F299 /* Debug */,
				E1E4B51B1518E4D00063F299 /* Release */,
			);
			defaultConfigurationIsVisible = 0;
			defaultConfigurationName = Release;
		};
/* End XCConfigurationList section */
	};
	rootObject = E1E4B4F01518E4D00063F299 /* Project object */;
}
